// !$*UTF8*$!
{
	archiveVersion = 1;
	classes = {
	};
	objectVersion = 50;
	objects = {

/* Begin PBXBuildFile section */
		BA4C99B02241F0B9009B11F3 /* AppDelegate.swift in Sources */ = {isa = PBXBuildFile; fileRef = BA4C99AF2241F0B9009B11F3 /* AppDelegate.swift */; };
		BA4C99B72241F0BA009B11F3 /* Assets.xcassets in Resources */ = {isa = PBXBuildFile; fileRef = BA4C99B62241F0BA009B11F3 /* Assets.xcassets */; };
		BA4C99CA2241F16C009B11F3 /* ChooseMediaVC.swift in Sources */ = {isa = PBXBuildFile; fileRef = BA4C99C92241F16C009B11F3 /* ChooseMediaVC.swift */; };
		BA4C99D32242043D009B11F3 /* LaunchScreen.storyboard in Resources */ = {isa = PBXBuildFile; fileRef = BA4C99CF2242043D009B11F3 /* LaunchScreen.storyboard */; };
		BA4C99D42242043D009B11F3 /* Main.storyboard in Resources */ = {isa = PBXBuildFile; fileRef = BA4C99D12242043D009B11F3 /* Main.storyboard */; };
		BA4C99D722420447009B11F3 /* MJMediaPicker.swift in Sources */ = {isa = PBXBuildFile; fileRef = BA4C99D622420447009B11F3 /* MJMediaPicker.swift */; };
/* End PBXBuildFile section */

/* Begin PBXFileReference section */
		BA4C99AC2241F0B9009B11F3 /* MJMediaPickerDemo.app */ = {isa = PBXFileReference; explicitFileType = wrapper.application; includeInIndex = 0; path = MJMediaPickerDemo.app; sourceTree = BUILT_PRODUCTS_DIR; };
		BA4C99AF2241F0B9009B11F3 /* AppDelegate.swift */ = {isa = PBXFileReference; lastKnownFileType = sourcecode.swift; path = AppDelegate.swift; sourceTree = "<group>"; };
		BA4C99B62241F0BA009B11F3 /* Assets.xcassets */ = {isa = PBXFileReference; lastKnownFileType = folder.assetcatalog; path = Assets.xcassets; sourceTree = "<group>"; };
		BA4C99BB2241F0BA009B11F3 /* Info.plist */ = {isa = PBXFileReference; lastKnownFileType = text.plist.xml; path = Info.plist; sourceTree = "<group>"; };
		BA4C99C92241F16C009B11F3 /* ChooseMediaVC.swift */ = {isa = PBXFileReference; fileEncoding = 4; lastKnownFileType = sourcecode.swift; path = ChooseMediaVC.swift; sourceTree = "<group>"; };
		BA4C99D02242043D009B11F3 /* Base */ = {isa = PBXFileReference; lastKnownFileType = file.storyboard; name = Base; path = Base.lproj/LaunchScreen.storyboard; sourceTree = "<group>"; };
		BA4C99D22242043D009B11F3 /* Base */ = {isa = PBXFileReference; lastKnownFileType = file.storyboard; name = Base; path = Base.lproj/Main.storyboard; sourceTree = "<group>"; };
		BA4C99D622420447009B11F3 /* MJMediaPicker.swift */ = {isa = PBXFileReference; fileEncoding = 4; lastKnownFileType = sourcecode.swift; path = MJMediaPicker.swift; sourceTree = "<group>"; };
/* End PBXFileReference section */

/* Begin PBXFrameworksBuildPhase section */
		BA4C99A92241F0B9009B11F3 /* Frameworks */ = {
			isa = PBXFrameworksBuildPhase;
			buildActionMask = 2147483647;
			files = (
			);
			runOnlyForDeploymentPostprocessing = 0;
		};
/* End PBXFrameworksBuildPhase section */

/* Begin PBXGroup section */
		BA4C99A32241F0B9009B11F3 = {
			isa = PBXGroup;
			children = (
				BA4C99AE2241F0B9009B11F3 /* MJMediaPickerDemo */,
				BA4C99AD2241F0B9009B11F3 /* Products */,
			);
			sourceTree = "<group>";
		};
		BA4C99AD2241F0B9009B11F3 /* Products */ = {
			isa = PBXGroup;
			children = (
				BA4C99AC2241F0B9009B11F3 /* MJMediaPickerDemo.app */,
			);
			name = Products;
			sourceTree = "<group>";
		};
		BA4C99AE2241F0B9009B11F3 /* MJMediaPickerDemo */ = {
			isa = PBXGroup;
			children = (
				BA4C99C12241F0D1009B11F3 /* AppDelegate */,
				BA4C99C72241F16C009B11F3 /* Controller */,
				BA4C99D522420447009B11F3 /* MJMediaPicker */,
				BA4C99CE2242043D009B11F3 /* StoryBoard */,
				BA4C99C62241F10C009B11F3 /* Resources */,
			);
			path = MJMediaPickerDemo;
			sourceTree = "<group>";
		};
		BA4C99C12241F0D1009B11F3 /* AppDelegate */ = {
			isa = PBXGroup;
			children = (
				BA4C99AF2241F0B9009B11F3 /* AppDelegate.swift */,
			);
			path = AppDelegate;
			sourceTree = "<group>";
		};
		BA4C99C42241F0F9009B11F3 /* Images */ = {
			isa = PBXGroup;
			children = (
				BA4C99B62241F0BA009B11F3 /* Assets.xcassets */,
			);
			path = Images;
			sourceTree = "<group>";
		};
		BA4C99C52241F100009B11F3 /* PropertyList */ = {
			isa = PBXGroup;
			children = (
				BA4C99BB2241F0BA009B11F3 /* Info.plist */,
			);
			path = PropertyList;
			sourceTree = "<group>";
		};
		BA4C99C62241F10C009B11F3 /* Resources */ = {
			isa = PBXGroup;
			children = (
				BA4C99C42241F0F9009B11F3 /* Images */,
				BA4C99C52241F100009B11F3 /* PropertyList */,
			);
			path = Resources;
			sourceTree = "<group>";
		};
		BA4C99C72241F16C009B11F3 /* Controller */ = {
			isa = PBXGroup;
			children = (
				BA4C99C82241F16C009B11F3 /* ChooseMediaVC */,
			);
			path = Controller;
			sourceTree = "<group>";
		};
		BA4C99C82241F16C009B11F3 /* ChooseMediaVC */ = {
			isa = PBXGroup;
			children = (
				BA4C99C92241F16C009B11F3 /* ChooseMediaVC.swift */,
			);
			path = ChooseMediaVC;
			sourceTree = "<group>";
		};
		BA4C99CE2242043D009B11F3 /* StoryBoard */ = {
			isa = PBXGroup;
			children = (
				BA4C99CF2242043D009B11F3 /* LaunchScreen.storyboard */,
				BA4C99D12242043D009B11F3 /* Main.storyboard */,
			);
			path = StoryBoard;
			sourceTree = "<group>";
		};
		BA4C99D522420447009B11F3 /* MJMediaPicker */ = {
			isa = PBXGroup;
			children = (
				BA4C99D622420447009B11F3 /* MJMediaPicker.swift */,
			);
			path = MJMediaPicker;
			sourceTree = "<group>";
		};
/* End PBXGroup section */

/* Begin PBXNativeTarget section */
		BA4C99AB2241F0B9009B11F3 /* MJMediaPickerDemo */ = {
			isa = PBXNativeTarget;
			buildConfigurationList = BA4C99BE2241F0BA009B11F3 /* Build configuration list for PBXNativeTarget "MJMediaPickerDemo" */;
			buildPhases = (
				BA4C99A82241F0B9009B11F3 /* Sources */,
				BA4C99A92241F0B9009B11F3 /* Frameworks */,
				BA4C99AA2241F0B9009B11F3 /* Resources */,
			);
			buildRules = (
			);
			dependencies = (
			);
			name = MJMediaPickerDemo;
			productName = MJMediaPickerDemo;
			productReference = BA4C99AC2241F0B9009B11F3 /* MJMediaPickerDemo.app */;
			productType = "com.apple.product-type.application";
		};
/* End PBXNativeTarget section */

/* Begin PBXProject section */
		BA4C99A42241F0B9009B11F3 /* Project object */ = {
			isa = PBXProject;
			attributes = {
				LastSwiftUpdateCheck = 1010;
				LastUpgradeCheck = 1010;
				ORGANIZATIONNAME = "Manisha Joshi";
				TargetAttributes = {
					BA4C99AB2241F0B9009B11F3 = {
						CreatedOnToolsVersion = 10.1;
					};
				};
			};
			buildConfigurationList = BA4C99A72241F0B9009B11F3 /* Build configuration list for PBXProject "MJMediaPickerDemo" */;
			compatibilityVersion = "Xcode 9.3";
			developmentRegion = en;
			hasScannedForEncodings = 0;
			knownRegions = (
				en,
				Base,
			);
			mainGroup = BA4C99A32241F0B9009B11F3;
			productRefGroup = BA4C99AD2241F0B9009B11F3 /* Products */;
			projectDirPath = "";
			projectRoot = "";
			targets = (
				BA4C99AB2241F0B9009B11F3 /* MJMediaPickerDemo */,
			);
		};
/* End PBXProject section */

/* Begin PBXResourcesBuildPhase section */
		BA4C99AA2241F0B9009B11F3 /* Resources */ = {
			isa = PBXResourcesBuildPhase;
			buildActionMask = 2147483647;
			files = (
				BA4C99D42242043D009B11F3 /* Main.storyboard in Resources */,
				BA4C99B72241F0BA009B11F3 /* Assets.xcassets in Resources */,
				BA4C99D32242043D009B11F3 /* LaunchScreen.storyboard in Resources */,
			);
			runOnlyForDeploymentPostprocessing = 0;
		};
/* End PBXResourcesBuildPhase section */

/* Begin PBXSourcesBuildPhase section */
		BA4C99A82241F0B9009B11F3 /* Sources */ = {
			isa = PBXSourcesBuildPhase;
			buildActionMask = 2147483647;
			files = (
				BA4C99CA2241F16C009B11F3 /* ChooseMediaVC.swift in Sources */,
				BA4C99B02241F0B9009B11F3 /* AppDelegate.swift in Sources */,
				BA4C99D722420447009B11F3 /* MJMediaPicker.swift in Sources */,
			);
			runOnlyForDeploymentPostprocessing = 0;
		};
/* End PBXSourcesBuildPhase section */

/* Begin PBXVariantGroup section */
		BA4C99CF2242043D009B11F3 /* LaunchScreen.storyboard */ = {
			isa = PBXVariantGroup;
			children = (
				BA4C99D02242043D009B11F3 /* Base */,
			);
			name = LaunchScreen.storyboard;
			sourceTree = "<group>";
		};
		BA4C99D12242043D009B11F3 /* Main.storyboard */ = {
			isa = PBXVariantGroup;
			children = (
				BA4C99D22242043D009B11F3 /* Base */,
			);
			name = Main.storyboard;
			sourceTree = "<group>";
		};
/* End PBXVariantGroup section */

/* Begin XCBuildConfiguration section */
		BA4C99BC2241F0BA009B11F3 /* Debug */ = {
			isa = XCBuildConfiguration;
			buildSettings = {
				ALWAYS_SEARCH_USER_PATHS = NO;
				CLANG_ANALYZER_NONNULL = YES;
				CLANG_ANALYZER_NUMBER_OBJECT_CONVERSION = YES_AGGRESSIVE;
				CLANG_CXX_LANGUAGE_STANDARD = "gnu++14";
				CLANG_CXX_LIBRARY = "libc++";
				CLANG_ENABLE_MODULES = YES;
				CLANG_ENABLE_OBJC_ARC = YES;
				CLANG_ENABLE_OBJC_WEAK = YES;
				CLANG_WARN_BLOCK_CAPTURE_AUTORELEASING = YES;
				CLANG_WARN_BOOL_CONVERSION = YES;
				CLANG_WARN_COMMA = YES;
				CLANG_WARN_CONSTANT_CONVERSION = YES;
				CLANG_WARN_DEPRECATED_OBJC_IMPLEMENTATIONS = YES;
				CLANG_WARN_DIRECT_OBJC_ISA_USAGE = YES_ERROR;
				CLANG_WARN_DOCUMENTATION_COMMENTS = YES;
				CLANG_WARN_EMPTY_BODY = YES;
				CLANG_WARN_ENUM_CONVERSION = YES;
				CLANG_WARN_INFINITE_RECURSION = YES;
				CLANG_WARN_INT_CONVERSION = YES;
				CLANG_WARN_NON_LITERAL_NULL_CONVERSION = YES;
				CLANG_WARN_OBJC_IMPLICIT_RETAIN_SELF = YES;
				CLANG_WARN_OBJC_LITERAL_CONVERSION = YES;
				CLANG_WARN_OBJC_ROOT_CLASS = YES_ERROR;
				CLANG_WARN_RANGE_LOOP_ANALYSIS = YES;
				CLANG_WARN_STRICT_PROTOTYPES = YES;
				CLANG_WARN_SUSPICIOUS_MOVE = YES;
				CLANG_WARN_UNGUARDED_AVAILABILITY = YES_AGGRESSIVE;
				CLANG_WARN_UNREACHABLE_CODE = YES;
				CLANG_WARN__DUPLICATE_METHOD_MATCH = YES;
				CODE_SIGN_IDENTITY = "iPhone Developer";
				COPY_PHASE_STRIP = NO;
				DEBUG_INFORMATION_FORMAT = dwarf;
				ENABLE_STRICT_OBJC_MSGSEND = YES;
				ENABLE_TESTABILITY = YES;
				GCC_C_LANGUAGE_STANDARD = gnu11;
				GCC_DYNAMIC_NO_PIC = NO;
				GCC_NO_COMMON_BLOCKS = YES;
				GCC_OPTIMIZATION_LEVEL = 0;
				GCC_PREPROCESSOR_DEFINITIONS = (
					"DEBUG=1",
					"$(inherited)",
				);
				GCC_WARN_64_TO_32_BIT_CONVERSION = YES;
				GCC_WARN_ABOUT_RETURN_TYPE = YES_ERROR;
				GCC_WARN_UNDECLARED_SELECTOR = YES;
				GCC_WARN_UNINITIALIZED_AUTOS = YES_AGGRESSIVE;
				GCC_WARN_UNUSED_FUNCTION = YES;
				GCC_WARN_UNUSED_VARIABLE = YES;
				IPHONEOS_DEPLOYMENT_TARGET = 12.1;
				MTL_ENABLE_DEBUG_INFO = INCLUDE_SOURCE;
				MTL_FAST_MATH = YES;
				ONLY_ACTIVE_ARCH = YES;
				SDKROOT = iphoneos;
				SWIFT_ACTIVE_COMPILATION_CONDITIONS = DEBUG;
				SWIFT_OPTIMIZATION_LEVEL = "-Onone";
			};
			name = Debug;
		};
		BA4C99BD2241F0BA009B11F3 /* Release */ = {
			isa = XCBuildConfiguration;
			buildSettings = {
				ALWAYS_SEARCH_USER_PATHS = NO;
				CLANG_ANALYZER_NONNULL = YES;
				CLANG_ANALYZER_NUMBER_OBJECT_CONVERSION = YES_AGGRESSIVE;
				CLANG_CXX_LANGUAGE_STANDARD = "gnu++14";
				CLANG_CXX_LIBRARY = "libc++";
				CLANG_ENABLE_MODULES = YES;
				CLANG_ENABLE_OBJC_ARC = YES;
				CLANG_ENABLE_OBJC_WEAK = YES;
				CLANG_WARN_BLOCK_CAPTURE_AUTORELEASING = YES;
				CLANG_WARN_BOOL_CONVERSION = YES;
				CLANG_WARN_COMMA = YES;
				CLANG_WARN_CONSTANT_CONVERSION = YES;
				CLANG_WARN_DEPRECATED_OBJC_IMPLEMENTATIONS = YES;
				CLANG_WARN_DIRECT_OBJC_ISA_USAGE = YES_ERROR;
				CLANG_WARN_DOCUMENTATION_COMMENTS = YES;
				CLANG_WARN_EMPTY_BODY = YES;
				CLANG_WARN_ENUM_CONVERSION = YES;
				CLANG_WARN_INFINITE_RECURSION = YES;
				CLANG_WARN_INT_CONVERSION = YES;
				CLANG_WARN_NON_LITERAL_NULL_CONVERSION = YES;
				CLANG_WARN_OBJC_IMPLICIT_RETAIN_SELF = YES;
				CLANG_WARN_OBJC_LITERAL_CONVERSION = YES;
				CLANG_WARN_OBJC_ROOT_CLASS = YES_ERROR;
				CLANG_WARN_RANGE_LOOP_ANALYSIS = YES;
				CLANG_WARN_STRICT_PROTOTYPES = YES;
				CLANG_WARN_SUSPICIOUS_MOVE = YES;
				CLANG_WARN_UNGUARDED_AVAILABILITY = YES_AGGRESSIVE;
				CLANG_WARN_UNREACHABLE_CODE = YES;
				CLANG_WARN__DUPLICATE_METHOD_MATCH = YES;
				CODE_SIGN_IDENTITY = "iPhone Developer";
				COPY_PHASE_STRIP = NO;
				DEBUG_INFORMATION_FORMAT = "dwarf-with-dsym";
				ENABLE_NS_ASSERTIONS = NO;
				ENABLE_STRICT_OBJC_MSGSEND = YES;
				GCC_C_LANGUAGE_STANDARD = gnu11;
				GCC_NO_COMMON_BLOCKS = YES;
				GCC_WARN_64_TO_32_BIT_CONVERSION = YES;
				GCC_WARN_ABOUT_RETURN_TYPE = YES_ERROR;
				GCC_WARN_UNDECLARED_SELECTOR = YES;
				GCC_WARN_UNINITIALIZED_AUTOS = YES_AGGRESSIVE;
				GCC_WARN_UNUSED_FUNCTION = YES;
				GCC_WARN_UNUSED_VARIABLE = YES;
				IPHONEOS_DEPLOYMENT_TARGET = 12.1;
				MTL_ENABLE_DEBUG_INFO = NO;
				MTL_FAST_MATH = YES;
				SDKROOT = iphoneos;
				SWIFT_COMPILATION_MODE = wholemodule;
				SWIFT_OPTIMIZATION_LEVEL = "-O";
				VALIDATE_PRODUCT = YES;
			};
			name = Release;
		};
		BA4C99BF2241F0BA009B11F3 /* Debug */ = {
			isa = XCBuildConfiguration;
			buildSettings = {
				ASSETCATALOG_COMPILER_APPICON_NAME = AppIcon;
				CODE_SIGN_STYLE = Manual;
				DEVELOPMENT_TEAM = "";
				INFOPLIST_FILE = "$(SRCROOT)/MJMediaPickerDemo/Resources/PropertyList/Info.plist";
				LD_RUNPATH_SEARCH_PATHS = (
					"$(inherited)",
					"@executable_path/Frameworks",
				);
				PRODUCT_BUNDLE_IDENTIFIER = com.mj.MJImagePickerDemo.MJMediaPickerDemo;
				PRODUCT_NAME = "$(TARGET_NAME)";
				PROVISIONING_PROFILE_SPECIFIER = "";
				SWIFT_VERSION = 4.2;
				TARGETED_DEVICE_FAMILY = "1,2";
			};
			name = Debug;
		};
		BA4C99C02241F0BA009B11F3 /* Release */ = {
			isa = XCBuildConfiguration;
			buildSettings = {
				ASSETCATALOG_COMPILER_APPICON_NAME = AppIcon;
				CODE_SIGN_STYLE = Manual;
				DEVELOPMENT_TEAM = "";
				INFOPLIST_FILE = "$(SRCROOT)/MJMediaPickerDemo/Resources/PropertyList/Info.plist";
				LD_RUNPATH_SEARCH_PATHS = (
					"$(inherited)",
					"@executable_path/Frameworks",
				);
				PRODUCT_BUNDLE_IDENTIFIER = com.mj.MJImagePickerDemo.MJMediaPickerDemo;
				PRODUCT_NAME = "$(TARGET_NAME)";
				PROVISIONING_PROFILE_SPECIFIER = "";
				SWIFT_VERSION = 4.2;
				TARGETED_DEVICE_FAMILY = "1,2";
			};
			name = Release;
		};
/* End XCBuildConfiguration section */

/* Begin XCConfigurationList section */
		BA4C99A72241F0B9009B11F3 /* Build configuration list for PBXProject "MJMediaPickerDemo" */ = {
			isa = XCConfigurationList;
			buildConfigurations = (
				BA4C99BC2241F0BA009B11F3 /* Debug */,
				BA4C99BD2241F0BA009B11F3 /* Release */,
			);
			defaultConfigurationIsVisible = 0;
			defaultConfigurationName = Release;
		};
		BA4C99BE2241F0BA009B11F3 /* Build configuration list for PBXNativeTarget "MJMediaPickerDemo" */ = {
			isa = XCConfigurationList;
			buildConfigurations = (
				BA4C99BF2241F0BA009B11F3 /* Debug */,
				BA4C99C02241F0BA009B11F3 /* Release */,
			);
			defaultConfigurationIsVisible = 0;
			defaultConfigurationName = Release;
		};
/* End XCConfigurationList section */
	};
	rootObject = BA4C99A42241F0B9009B11F3 /* Project object */;
}
